# THIS IS AN AUTOGENERATED FILE. DO NOT EDIT THIS FILE DIRECTLY.
# yarn lockfile v1


npm-gui-tests@^2.1.1:
  version "2.1.1"
  resolved "https://registry.yarnpkg.com/npm-gui-tests/-/npm-gui-tests-2.1.1.tgz#47a8dac5dfb8d3ed8c5cd667f33806549a6dc747"
  integrity sha512-2I3lD68FghTxav/KsK4FVhQp+Kkv+P4HjTTtJL0wclf5Xq2xZlGLIXL0XkbsGND6VXR5nKWQNkwwCTEWzbcWTw==
